# This file is autogenerated, do not edit; changes may be undone by the next 'dep ensure'.


[[projects]]
  digest = "1:dc2d85c13ac22c22a1f3170a41a8e1b897fa05134aaf533f16df44f66a25b4a1"
  name = "github.com/Sirupsen/logrus"
  packages = ["."]
  pruneopts = "UT"
  revision = "a67f783a3814b8729bd2dac5780b5f78f8dbd64d"
  version = "v1.1.0"

[[projects]]
  branch = "master"
  digest = "1:0fa56faf93f0adc7d981551654a0b65ae68cdb0879e6b0c99858aee7100d87df"
  name = "github.com/dimiro1/banner"
  packages = [
    ".",
    "autoload",
  ]
  pruneopts = "UT"
  revision = "c2f858997d49ffd03f84818bef3c25c2fcc67e16"

[[projects]]
  branch = "master"
  digest = "1:f44d34fda864bed6d6c71514cd40b2ee097e6e67f745d5d014113e1faa5af8b7"
  name = "github.com/konsorten/go-windows-terminal-sequences"
  packages = ["."]
  pruneopts = "UT"
  revision = "b729f2633dfe35f4d1d8a32385f6685610ce1cb5"

[[projects]]
  digest = "1:e1e29f200afc15a8c28ebb971e537d5f38c036df0fc4cba32ddd309f6cc7c347"
  name = "github.com/mattn/go-colorable"
  packages = ["."]
  pruneopts = "UT"
  revision = "9cbef7c35391cca05f15f8181dc0b18bc9736dbb"

[[projects]]
  digest = "1:abab8af2b6f41d6bcd8abf752b22aa0d4b40a9b0aa3f01186a695cf9a67d1fad"
  name = "github.com/mattn/go-isatty"
  packages = ["."]
  pruneopts = "UT"
  revision = "56b76bdf51f7708750eac80fa38b952bb9f32639"

[[projects]]
  branch = "master"
  digest = "1:3f3a05ae0b95893d90b9b3b5afdb79a9b3d96e4e36e099d841ae602e4aca0da8"
  name = "golang.org/x/crypto"
  packages = ["ssh/terminal"]
  pruneopts = "UT"
  revision = "e3636079e1a4c1f337f212cc5cd2aca108f6c900"

[[projects]]
  branch = "master"
  digest = "1:6f82ed211591ecb407897ca46ff6149d618223088aecad72675804f106033629"
  name = "golang.org/x/sys"
  packages = [
    "unix",
    "windows",
  ]
  pruneopts = "UT"
  revision = "e4b3c5e9061176387e7cea65e4dc5853801f3fb7"

[solve-meta]
  analyzer-name = "dep"
  analyzer-version = 1
  input-imports = [
    "github.com/Sirupsen/logrus",
    "github.com/dimiro1/banner",
    "github.com/dimiro1/banner/autoload",
    "github.com/mattn/go-colorable",
  ]
  solver-name = "gps-cdcl"
  solver-version = 1
